%{
  "erlang_psq": {:hex, :erlang_psq, "1.0.0", "995e328461a5949a54bdfc7686609a08efb82313914f9aead494a2644629ea26", [:rebar3], [], "hexpm", "03da24c3aa84313d57603b6a4b51eb46b4b787fa95bf5668d03e101a466ddfb2"},
  "goldrush": {:hex, :goldrush, "0.1.9", "f06e5d5f1277da5c413e84d5a2924174182fb108dabb39d5ec548b27424cd106", [:rebar3], [], "hexpm", "99cb4128cffcb3227581e5d4d803d5413fa643f4eb96523f77d9e6937d994ceb"},
  "hut": {:hex, :hut, "1.3.0", "71f2f054e657c03f959cf1acc43f436ea87580696528ca2a55c8afb1b06c85e7", [:"erlang.mk", :rebar, :rebar3], [], "hexpm", "7e15d28555d8a1f2b5a3a931ec120af0753e4853a4c66053db354f35bf9ab563"},
  "lager": {:hex, :lager, "3.9.1", "5885bc71308cd38f9d025c8ecde4e5cce1ce8565f80bfc6199865c845d6dbe95", [:rebar3], [{:goldrush, "0.1.9", [hex: :goldrush, repo: "hexpm", optional: false]}], "hexpm", "3f59ba75a04a99e5f18bf91c89f46dce536f83c6cb415fe26e6e75a62bef37dc"},
  "mtproto_proxy": {:hex, :mtproto_proxy, "0.7.1", "0710085b7715b6c146df29e97a6d86ad0a93929a9742f4836846c32093a6c33d", [:rebar3], [{:erlang_psq, "1.0.0", [hex: :erlang_psq, repo: "hexpm", optional: false]}, {:hut, "1.3.0", [hex: :hut, repo: "hexpm", optional: false]}, {:lager, "3.9.1", [hex: :lager, repo: "hexpm", optional: false]}, {:ranch, "1.7.0", [hex: :ranch, repo: "hexpm", optional: false]}], "hexpm", "8f2baf2da479a4ff4a81b94c2d2a216c10eacdf84bab542822bbc42f27403c36"},
  "ranch": {:hex, :ranch, "1.7.0", "9583f47160ca62af7f8d5db11454068eaa32b56eeadf984d4f46e61a076df5f2", [:rebar3], [], "hexpm", "59f7501c3a56125b2fc5684c3048fac9d043c0bf4d173941b12ca927949af189"},
}
